{
  "lockfileVersion": 1,
  "configVersion": 1,
  "workspaces": {
    "": {
      "dependencies": {
        "@fontsource-variable/inter": "^5.3.0",
      },
    },
  },
  "packages": {
    "@fontsource-variable/inter": ["@fontsource-variable/inter@5.3.0", "", {}, "sha512-OupL48va4JNofb97w6NYeF9S7W/kHNKM0Er8Dem5nqi4jeOLrVJDoE8tZEpnMJmtkvNbB1EIPPwHcdkF6b1oUA=="],
  }
}
